// !$*UTF8*$!
{
	archiveVersion = 1;
	classes = {
	};
	objectVersion = 46;
	objects = {

/* Begin PBXBuildFile section */
		38610EA41D59F00400569851 /* UniversalBle.h in Headers */ = {isa = PBXBuildFile; fileRef = 38610EA21D59F00400569851 /* UniversalBle.h */; settings = {ATTRIBUTES = (Public, ); }; };
		38610EA51D59F00400569851 /* UniversalBle.m in Sources */ = {isa = PBXBuildFile; fileRef = 38610EA31D59F00400569851 /* UniversalBle.m */; };
		38610EB51D59F2B500569851 /* MessagePack.h in Headers */ = {isa = PBXBuildFile; fileRef = 38610EA71D59F2B500569851 /* MessagePack.h */; };
		38610EB61D59F2B500569851 /* MessagePackPacker.h in Headers */ = {isa = PBXBuildFile; fileRef = 38610EA81D59F2B500569851 /* MessagePackPacker.h */; };
		38610EB71D59F2B500569851 /* MessagePackPacker.m in Sources */ = {isa = PBXBuildFile; fileRef = 38610EA91D59F2B500569851 /* MessagePackPacker.m */; };
		38610EB81D59F2B500569851 /* MessagePackParser.h in Headers */ = {isa = PBXBuildFile; fileRef = 38610EAA1D59F2B500569851 /* MessagePackParser.h */; };
		38610EB91D59F2B500569851 /* MessagePackParser.m in Sources */ = {isa = PBXBuildFile; fileRef = 38610EAB1D59F2B500569851 /* MessagePackParser.m */; };
		38610EBA1D59F2B500569851 /* MessagePackParser+Streaming.h in Headers */ = {isa = PBXBuildFile; fileRef = 38610EAC1D59F2B500569851 /* MessagePackParser+Streaming.h */; };
		38610EBB1D59F2B500569851 /* MessagePackParser+Streaming.m in Sources */ = {isa = PBXBuildFile; fileRef = 38610EAD1D59F2B500569851 /* MessagePackParser+Streaming.m */; };
		38610EBC1D59F2B500569851 /* NSArray+MessagePack.h in Headers */ = {isa = PBXBuildFile; fileRef = 38610EAF1D59F2B500569851 /* NSArray+MessagePack.h */; };
		38610EBD1D59F2B500569851 /* NSArray+MessagePack.m in Sources */ = {isa = PBXBuildFile; fileRef = 38610EB01D59F2B500569851 /* NSArray+MessagePack.m */; };
		38610EBE1D59F2B500569851 /* NSData+MessagePack.h in Headers */ = {isa = PBXBuildFile; fileRef = 38610EB11D59F2B500569851 /* NSData+MessagePack.h */; };
		38610EBF1D59F2B500569851 /* NSData+MessagePack.m in Sources */ = {isa = PBXBuildFile; fileRef = 38610EB21D59F2B500569851 /* NSData+MessagePack.m */; };
		38610EC01D59F2B500569851 /* NSDictionary+MessagePack.h in Headers */ = {isa = PBXBuildFile; fileRef = 38610EB31D59F2B500569851 /* NSDictionary+MessagePack.h */; };
		38610EC11D59F2B500569851 /* NSDictionary+MessagePack.m in Sources */ = {isa = PBXBuildFile; fileRef = 38610EB41D59F2B500569851 /* NSDictionary+MessagePack.m */; };
		38610ECA1D59F2EB00569851 /* msgpack.h in Headers */ = {isa = PBXBuildFile; fileRef = 38610EC41D59F2EB00569851 /* msgpack.h */; };
		38610ECB1D59F2EB00569851 /* objectc.c in Sources */ = {isa = PBXBuildFile; fileRef = 38610EC51D59F2EB00569851 /* objectc.c */; };
		38610ECC1D59F2EB00569851 /* unpack.c in Sources */ = {isa = PBXBuildFile; fileRef = 38610EC61D59F2EB00569851 /* unpack.c */; };
		38610ECD1D59F2EB00569851 /* version.c in Sources */ = {isa = PBXBuildFile; fileRef = 38610EC71D59F2EB00569851 /* version.c */; };
		38610ECE1D59F2EB00569851 /* vrefbuffer.c in Sources */ = {isa = PBXBuildFile; fileRef = 38610EC81D59F2EB00569851 /* vrefbuffer.c */; };
		38610ECF1D59F2EB00569851 /* zone.c in Sources */ = {isa = PBXBuildFile; fileRef = 38610EC91D59F2EB00569851 /* zone.c */; };
		38610EDD1D59F2F900569851 /* object.h in Headers */ = {isa = PBXBuildFile; fileRef = 38610ED01D59F2F900569851 /* object.h */; };
		38610EDE1D59F2F900569851 /* pack_define.h in Headers */ = {isa = PBXBuildFile; fileRef = 38610ED11D59F2F900569851 /* pack_define.h */; };
		38610EDF1D59F2F900569851 /* pack_template.h in Headers */ = {isa = PBXBuildFile; fileRef = 38610ED21D59F2F900569851 /* pack_template.h */; };
		38610EE01D59F2F900569851 /* pack.h in Headers */ = {isa = PBXBuildFile; fileRef = 38610ED31D59F2F900569851 /* pack.h */; };
		38610EE11D59F2F900569851 /* sbuffer.h in Headers */ = {isa = PBXBuildFile; fileRef = 38610ED41D59F2F900569851 /* sbuffer.h */; };
		38610EE21D59F2F900569851 /* sysdep.h in Headers */ = {isa = PBXBuildFile; fileRef = 38610ED51D59F2F900569851 /* sysdep.h */; };
		38610EE31D59F2F900569851 /* unpack_define.h in Headers */ = {isa = PBXBuildFile; fileRef = 38610ED61D59F2F900569851 /* unpack_define.h */; };
		38610EE41D59F2F900569851 /* unpack_template.h in Headers */ = {isa = PBXBuildFile; fileRef = 38610ED71D59F2F900569851 /* unpack_template.h */; };
		38610EE51D59F2F900569851 /* unpack.h in Headers */ = {isa = PBXBuildFile; fileRef = 38610ED81D59F2F900569851 /* unpack.h */; };
		38610EE61D59F2F900569851 /* version.h in Headers */ = {isa = PBXBuildFile; fileRef = 38610ED91D59F2F900569851 /* version.h */; };
		38610EE71D59F2F900569851 /* vrefbuffer.h in Headers */ = {isa = PBXBuildFile; fileRef = 38610EDA1D59F2F900569851 /* vrefbuffer.h */; };
		38610EE81D59F2F900569851 /* zbuffer.h in Headers */ = {isa = PBXBuildFile; fileRef = 38610EDB1D59F2F900569851 /* zbuffer.h */; };
		38610EE91D59F2F900569851 /* zone.h in Headers */ = {isa = PBXBuildFile; fileRef = 38610EDC1D59F2F900569851 /* zone.h */; };
		38E212821D31448F00AAE5F6 /* LMTCaptureVideoPreviewLayerTest.m in Sources */ = {isa = PBXBuildFile; fileRef = 38E212711D3130E400AAE5F6 /* LMTCaptureVideoPreviewLayerTest.m */; };
		38E212861D324EBC00AAE5F6 /* AVFoundation.framework in Frameworks */ = {isa = PBXBuildFile; fileRef = 38E212851D324EBC00AAE5F6 /* AVFoundation.framework */; };
/* End PBXBuildFile section */

/* Begin PBXFileReference section */
		38610EA21D59F00400569851 /* UniversalBle.h */ = {isa = PBXFileReference; fileEncoding = 4; lastKnownFileType = sourcecode.c.h; path = UniversalBle.h; sourceTree = "<group>"; };
		38610EA31D59F00400569851 /* UniversalBle.m */ = {isa = PBXFileReference; fileEncoding = 4; lastKnownFileType = sourcecode.c.objc; path = UniversalBle.m; sourceTree = "<group>"; };
		38610EA71D59F2B500569851 /* MessagePack.h */ = {isa = PBXFileReference; fileEncoding = 4; lastKnownFileType = sourcecode.c.h; name = MessagePack.h; path = "deps/msgpack-objectivec/MessagePack.h"; sourceTree = "<group>"; };
		38610EA81D59F2B500569851 /* MessagePackPacker.h */ = {isa = PBXFileReference; fileEncoding = 4; lastKnownFileType = sourcecode.c.h; name = MessagePackPacker.h; path = "deps/msgpack-objectivec/MessagePackPacker.h"; sourceTree = "<group>"; };
		38610EA91D59F2B500569851 /* MessagePackPacker.m */ = {isa = PBXFileReference; fileEncoding = 4; lastKnownFileType = sourcecode.c.objc; name = MessagePackPacker.m; path = "deps/msgpack-objectivec/MessagePackPacker.m"; sourceTree = "<group>"; };
		38610EAA1D59F2B500569851 /* MessagePackParser.h */ = {isa = PBXFileReference; fileEncoding = 4; lastKnownFileType = sourcecode.c.h; name = MessagePackParser.h; path = "deps/msgpack-objectivec/MessagePackParser.h"; sourceTree = "<group>"; };
		38610EAB1D59F2B500569851 /* MessagePackParser.m */ = {isa = PBXFileReference; fileEncoding = 4; lastKnownFileType = sourcecode.c.objc; name = MessagePackParser.m; path = "deps/msgpack-objectivec/MessagePackParser.m"; sourceTree = "<group>"; };
		38610EAC1D59F2B500569851 /* MessagePackParser+Streaming.h */ = {isa = PBXFileReference; fileEncoding = 4; lastKnownFileType = sourcecode.c.h; name = "MessagePackParser+Streaming.h"; path = "deps/msgpack-objectivec/MessagePackParser+Streaming.h"; sourceTree = "<group>"; };
		38610EAD1D59F2B500569851 /* MessagePackParser+Streaming.m */ = {isa = PBXFileReference; fileEncoding = 4; lastKnownFileType = sourcecode.c.objc; name = "MessagePackParser+Streaming.m"; path = "deps/msgpack-objectivec/MessagePackParser+Streaming.m"; sourceTree = "<group>"; };
		38610EAF1D59F2B500569851 /* NSArray+MessagePack.h */ = {isa = PBXFileReference; fileEncoding = 4; lastKnownFileType = sourcecode.c.h; name = "NSArray+MessagePack.h"; path = "deps/msgpack-objectivec/NSArray+MessagePack.h"; sourceTree = "<group>"; };
		38610EB01D59F2B500569851 /* NSArray+MessagePack.m */ = {isa = PBXFileReference; fileEncoding = 4; lastKnownFileType = sourcecode.c.objc; name = "NSArray+MessagePack.m"; path = "deps/msgpack-objectivec/NSArray+MessagePack.m"; sourceTree = "<group>"; };
		38610EB11D59F2B500569851 /* NSData+MessagePack.h */ = {isa = PBXFileReference; fileEncoding = 4; lastKnownFileType = sourcecode.c.h; name = "NSData+MessagePack.h"; path = "deps/msgpack-objectivec/NSData+MessagePack.h"; sourceTree = "<group>"; };
		38610EB21D59F2B500569851 /* NSData+MessagePack.m */ = {isa = PBXFileReference; fileEncoding = 4; lastKnownFileType = sourcecode.c.objc; name = "NSData+MessagePack.m"; path = "deps/msgpack-objectivec/NSData+MessagePack.m"; sourceTree = "<group>"; };
		38610EB31D59F2B500569851 /* NSDictionary+MessagePack.h */ = {isa = PBXFileReference; fileEncoding = 4; lastKnownFileType = sourcecode.c.h; name = "NSDictionary+MessagePack.h"; path = "deps/msgpack-objectivec/NSDictionary+MessagePack.h"; sourceTree = "<group>"; };
		38610EB41D59F2B500569851 /* NSDictionary+MessagePack.m */ = {isa = PBXFileReference; fileEncoding = 4; lastKnownFileType = sourcecode.c.objc; name = "NSDictionary+MessagePack.m"; path = "deps/msgpack-objectivec/NSDictionary+MessagePack.m"; sourceTree = "<group>"; };
		38610EC41D59F2EB00569851 /* msgpack.h */ = {isa = PBXFileReference; fileEncoding = 4; lastKnownFileType = sourcecode.c.h; name = msgpack.h; path = "deps/msgpack-objectivec/msgpack_src/msgpack.h"; sourceTree = "<group>"; };
		38610EC51D59F2EB00569851 /* objectc.c */ = {isa = PBXFileReference; fileEncoding = 4; lastKnownFileType = sourcecode.c.c; name = objectc.c; path = "deps/msgpack-objectivec/msgpack_src/objectc.c"; sourceTree = "<group>"; };
		38610EC61D59F2EB00569851 /* unpack.c */ = {isa = PBXFileReference; fileEncoding = 4; lastKnownFileType = sourcecode.c.c; name = unpack.c; path = "deps/msgpack-objectivec/msgpack_src/unpack.c"; sourceTree = "<group>"; };
		38610EC71D59F2EB00569851 /* version.c */ = {isa = PBXFileReference; fileEncoding = 4; lastKnownFileType = sourcecode.c.c; name = version.c; path = "deps/msgpack-objectivec/msgpack_src/version.c"; sourceTree = "<group>"; };
		38610EC81D59F2EB00569851 /* vrefbuffer.c */ = {isa = PBXFileReference; fileEncoding = 4; lastKnownFileType = sourcecode.c.c; name = vrefbuffer.c; path = "deps/msgpack-objectivec/msgpack_src/vrefbuffer.c"; sourceTree = "<group>"; };
		38610EC91D59F2EB00569851 /* zone.c */ = {isa = PBXFileReference; fileEncoding = 4; lastKnownFileType = sourcecode.c.c; name = zone.c; path = "deps/msgpack-objectivec/msgpack_src/zone.c"; sourceTree = "<group>"; };
		38610ED01D59F2F900569851 /* object.h */ = {isa = PBXFileReference; fileEncoding = 4; lastKnownFileType = sourcecode.c.h; name = object.h; path = "deps/msgpack-objectivec/msgpack_src/msgpack/object.h"; sourceTree = "<group>"; };
		38610ED11D59F2F900569851 /* pack_define.h */ = {isa = PBXFileReference; fileEncoding = 4; lastKnownFileType = sourcecode.c.h; name = pack_define.h; path = "deps/msgpack-objectivec/msgpack_src/msgpack/pack_define.h"; sourceTree = "<group>"; };
		38610ED21D59F2F900569851 /* pack_template.h */ = {isa = PBXFileReference; fileEncoding = 4; lastKnownFileType = sourcecode.c.h; name = pack_template.h; path = "deps/msgpack-objectivec/msgpack_src/msgpack/pack_template.h"; sourceTree = "<group>"; };
		38610ED31D59F2F900569851 /* pack.h */ = {isa = PBXFileReference; fileEncoding = 4; lastKnownFileType = sourcecode.c.h; name = pack.h; path = "deps/msgpack-objectivec/msgpack_src/msgpack/pack.h"; sourceTree = "<group>"; };
		38610ED41D59F2F900569851 /* sbuffer.h */ = {isa = PBXFileReference; fileEncoding = 4; lastKnownFileType = sourcecode.c.h; name = sbuffer.h; path = "deps/msgpack-objectivec/msgpack_src/msgpack/sbuffer.h"; sourceTree = "<group>"; };
		38610ED51D59F2F900569851 /* sysdep.h */ = {isa = PBXFileReference; fileEncoding = 4; lastKnownFileType = sourcecode.c.h; name = sysdep.h; path = "deps/msgpack-objectivec/msgpack_src/msgpack/sysdep.h"; sourceTree = "<group>"; };
		38610ED61D59F2F900569851 /* unpack_define.h */ = {isa = PBXFileReference; fileEncoding = 4; lastKnownFileType = sourcecode.c.h; name = unpack_define.h; path = "deps/msgpack-objectivec/msgpack_src/msgpack/unpack_define.h"; sourceTree = "<group>"; };
		38610ED71D59F2F900569851 /* unpack_template.h */ = {isa = PBXFileReference; fileEncoding = 4; lastKnownFileType = sourcecode.c.h; name = unpack_template.h; path = "deps/msgpack-objectivec/msgpack_src/msgpack/unpack_template.h"; sourceTree = "<group>"; };
		38610ED81D59F2F900569851 /* unpack.h */ = {isa = PBXFileReference; fileEncoding = 4; lastKnownFileType = sourcecode.c.h; name = unpack.h; path = "deps/msgpack-objectivec/msgpack_src/msgpack/unpack.h"; sourceTree = "<group>"; };
		38610ED91D59F2F900569851 /* version.h */ = {isa = PBXFileReference; fileEncoding = 4; lastKnownFileType = sourcecode.c.h; name = version.h; path = "deps/msgpack-objectivec/msgpack_src/msgpack/version.h"; sourceTree = "<group>"; };
		38610EDA1D59F2F900569851 /* vrefbuffer.h */ = {isa = PBXFileReference; fileEncoding = 4; lastKnownFileType = sourcecode.c.h; name = vrefbuffer.h; path = "deps/msgpack-objectivec/msgpack_src/msgpack/vrefbuffer.h"; sourceTree = "<group>"; };
		38610EDB1D59F2F900569851 /* zbuffer.h */ = {isa = PBXFileReference; fileEncoding = 4; lastKnownFileType = sourcecode.c.h; name = zbuffer.h; path = "deps/msgpack-objectivec/msgpack_src/msgpack/zbuffer.h"; sourceTree = "<group>"; };
		38610EDC1D59F2F900569851 /* zone.h */ = {isa = PBXFileReference; fileEncoding = 4; lastKnownFileType = sourcecode.c.h; name = zone.h; path = "deps/msgpack-objectivec/msgpack_src/msgpack/zone.h"; sourceTree = "<group>"; };
		38E212711D3130E400AAE5F6 /* LMTCaptureVideoPreviewLayerTest.m */ = {isa = PBXFileReference; fileEncoding = 4; lastKnownFileType = sourcecode.c.objc; name = LMTCaptureVideoPreviewLayerTest.m; path = test/LMTCaptureVideoPreviewLayerTest.m; sourceTree = SOURCE_ROOT; };
		38E212781D31441A00AAE5F6 /* Test.xctest */ = {isa = PBXFileReference; explicitFileType = wrapper.cfbundle; includeInIndex = 0; path = Test.xctest; sourceTree = BUILT_PRODUCTS_DIR; };
		38E212801D31447200AAE5F6 /* LMTCaptureVideoPreviewLayerTest-Info.plist */ = {isa = PBXFileReference; fileEncoding = 4; lastKnownFileType = text.plist.xml; name = "LMTCaptureVideoPreviewLayerTest-Info.plist"; path = "test/LMTCaptureVideoPreviewLayerTest-Info.plist"; sourceTree = SOURCE_ROOT; };
		38E212851D324EBC00AAE5F6 /* AVFoundation.framework */ = {isa = PBXFileReference; lastKnownFileType = wrapper.framework; name = AVFoundation.framework; path = Platforms/iPhoneOS.platform/Developer/SDKs/iPhoneOS.sdk/System/Library/Frameworks/AVFoundation.framework; sourceTree = DEVELOPER_DIR; };
		A01C02121620D8B4003DA76F /* libuniversal-ble-ios.a */ = {isa = PBXFileReference; explicitFileType = archive.ar; includeInIndex = 0; path = "libuniversal-ble-ios.a"; sourceTree = BUILT_PRODUCTS_DIR; };
		A01C02411620D9BA003DA76F /* CoreFoundation.framework */ = {isa = PBXFileReference; lastKnownFileType = wrapper.framework; name = CoreFoundation.framework; path = System/Library/Frameworks/CoreFoundation.framework; sourceTree = SDKROOT; };
		A01C02941620E015003DA76F /* Universal-BLE-iOS-Prefix.pch */ = {isa = PBXFileReference; fileEncoding = 4; lastKnownFileType = sourcecode.c.h; name = "Universal-BLE-iOS-Prefix.pch"; path = "Support/Universal-BLE-iOS-Prefix.pch"; sourceTree = "<group>"; };
		A01C02BF1620E286003DA76F /* Universal-BLE-iOS-Info.plist */ = {isa = PBXFileReference; fileEncoding = 4; lastKnownFileType = text.plist.xml; name = "Universal-BLE-iOS-Info.plist"; path = "Support/Universal-BLE-iOS-Info.plist"; sourceTree = "<group>"; };
		A06ACB291608B2C300E20441 /* UIKit.framework */ = {isa = PBXFileReference; lastKnownFileType = wrapper.framework; name = UIKit.framework; path = System/Library/Frameworks/UIKit.framework; sourceTree = SDKROOT; };
		A06ACB2B1608B2C300E20441 /* Foundation.framework */ = {isa = PBXFileReference; lastKnownFileType = wrapper.framework; name = Foundation.framework; path = System/Library/Frameworks/Foundation.framework; sourceTree = SDKROOT; };
		A06ACB2D1608B2C300E20441 /* CoreGraphics.framework */ = {isa = PBXFileReference; lastKnownFileType = wrapper.framework; name = CoreGraphics.framework; path = System/Library/Frameworks/CoreGraphics.framework; sourceTree = SDKROOT; };
/* End PBXFileReference section */

/* Begin PBXFrameworksBuildPhase section */
		38E212751D31441A00AAE5F6 /* Frameworks */ = {
			isa = PBXFrameworksBuildPhase;
			buildActionMask = 2147483647;
			files = (
				38E212861D324EBC00AAE5F6 /* AVFoundation.framework in Frameworks */,
			);
			runOnlyForDeploymentPostprocessing = 0;
		};
/* End PBXFrameworksBuildPhase section */

/* Begin PBXGroup section */
		38610EA61D59F28400569851 /* Dependencies */ = {
			isa = PBXGroup;
			children = (
				38610EC21D59F2C200569851 /* msgpack-objectivec */,
			);
			name = Dependencies;
			sourceTree = "<group>";
		};
		38610EC21D59F2C200569851 /* msgpack-objectivec */ = {
			isa = PBXGroup;
			children = (
				38610EC31D59F2D700569851 /* msgpack-c */,
				38610EAF1D59F2B500569851 /* NSArray+MessagePack.h */,
				38610EB01D59F2B500569851 /* NSArray+MessagePack.m */,
				38610EB11D59F2B500569851 /* NSData+MessagePack.h */,
				38610EB21D59F2B500569851 /* NSData+MessagePack.m */,
				38610EB31D59F2B500569851 /* NSDictionary+MessagePack.h */,
				38610EB41D59F2B500569851 /* NSDictionary+MessagePack.m */,
				38610EA71D59F2B500569851 /* MessagePack.h */,
				38610EA81D59F2B500569851 /* MessagePackPacker.h */,
				38610EA91D59F2B500569851 /* MessagePackPacker.m */,
				38610EAA1D59F2B500569851 /* MessagePackParser.h */,
				38610EAB1D59F2B500569851 /* MessagePackParser.m */,
				38610EAC1D59F2B500569851 /* MessagePackParser+Streaming.h */,
				38610EAD1D59F2B500569851 /* MessagePackParser+Streaming.m */,
			);
			name = "msgpack-objectivec";
			sourceTree = "<group>";
		};
		38610EC31D59F2D700569851 /* msgpack-c */ = {
			isa = PBXGroup;
			children = (
				38610ED01D59F2F900569851 /* object.h */,
				38610ED11D59F2F900569851 /* pack_define.h */,
				38610ED21D59F2F900569851 /* pack_template.h */,
				38610ED31D59F2F900569851 /* pack.h */,
				38610ED41D59F2F900569851 /* sbuffer.h */,
				38610ED51D59F2F900569851 /* sysdep.h */,
				38610ED61D59F2F900569851 /* unpack_define.h */,
				38610ED71D59F2F900569851 /* unpack_template.h */,
				38610ED81D59F2F900569851 /* unpack.h */,
				38610ED91D59F2F900569851 /* version.h */,
				38610EDA1D59F2F900569851 /* vrefbuffer.h */,
				38610EDB1D59F2F900569851 /* zbuffer.h */,
				38610EDC1D59F2F900569851 /* zone.h */,
				38610EC41D59F2EB00569851 /* msgpack.h */,
				38610EC51D59F2EB00569851 /* objectc.c */,
				38610EC61D59F2EB00569851 /* unpack.c */,
				38610EC71D59F2EB00569851 /* version.c */,
				38610EC81D59F2EB00569851 /* vrefbuffer.c */,
				38610EC91D59F2EB00569851 /* zone.c */,
			);
			name = "msgpack-c";
			sourceTree = "<group>";
		};
		A01C02691620DF5E003DA76F /* Support */ = {
			isa = PBXGroup;
			children = (
				A01C02BF1620E286003DA76F /* Universal-BLE-iOS-Info.plist */,
				A01C02941620E015003DA76F /* Universal-BLE-iOS-Prefix.pch */,
			);
			name = Support;
			sourceTree = "<group>";
		};
		A01C026A1620DF64003DA76F /* Resources */ = {
			isa = PBXGroup;
			children = (
			);
			name = Resources;
			sourceTree = "<group>";
		};
		A039A76D161F8C08009E4C10 /* Test */ = {
			isa = PBXGroup;
			children = (
				38E212801D31447200AAE5F6 /* LMTCaptureVideoPreviewLayerTest-Info.plist */,
				38E212711D3130E400AAE5F6 /* LMTCaptureVideoPreviewLayerTest.m */,
			);
			path = Test;
			sourceTree = "<group>";
		};
		A06ACB1A1608B2C200E20441 = {
			isa = PBXGroup;
			children = (
				A0F0BE0516388E050017AEC3 /* Library */,
				A01C026A1620DF64003DA76F /* Resources */,
				A01C02691620DF5E003DA76F /* Support */,
				A039A76D161F8C08009E4C10 /* Test */,
				38610EA61D59F28400569851 /* Dependencies */,
				A06ACB281608B2C300E20441 /* Frameworks */,
				A06ACB261608B2C300E20441 /* Products */,
			);
			sourceTree = "<group>";
		};
		A06ACB261608B2C300E20441 /* Products */ = {
			isa = PBXGroup;
			children = (
				A01C02121620D8B4003DA76F /* libuniversal-ble-ios.a */,
				38E212781D31441A00AAE5F6 /* Test.xctest */,
			);
			name = Products;
			sourceTree = "<group>";
		};
		A06ACB281608B2C300E20441 /* Frameworks */ = {
			isa = PBXGroup;
			children = (
				38E212851D324EBC00AAE5F6 /* AVFoundation.framework */,
				A06ACB291608B2C300E20441 /* UIKit.framework */,
				A06ACB2B1608B2C300E20441 /* Foundation.framework */,
				A06ACB2D1608B2C300E20441 /* CoreGraphics.framework */,
				A01C02411620D9BA003DA76F /* CoreFoundation.framework */,
			);
			name = Frameworks;
			sourceTree = "<group>";
		};
		A0F0BE0516388E050017AEC3 /* Library */ = {
			isa = PBXGroup;
			children = (
				38610EA21D59F00400569851 /* UniversalBle.h */,
				38610EA31D59F00400569851 /* UniversalBle.m */,
			);
			name = Library;
			path = lib;
			sourceTree = "<group>";
		};
/* End PBXGroup section */

/* Begin PBXHeadersBuildPhase section */
		A0F1A4C316301B49002E6BE5 /* Headers */ = {
			isa = PBXHeadersBuildPhase;
			buildActionMask = 2147483647;
			files = (
				38610EA41D59F00400569851 /* UniversalBle.h in Headers */,
				38610EE01D59F2F900569851 /* pack.h in Headers */,
				38610EE31D59F2F900569851 /* unpack_define.h in Headers */,
				38610EDE1D59F2F900569851 /* pack_define.h in Headers */,
				38610EBC1D59F2B500569851 /* NSArray+MessagePack.h in Headers */,
				38610EB61D59F2B500569851 /* MessagePackPacker.h in Headers */,
				38610EE11D59F2F900569851 /* sbuffer.h in Headers */,
				38610ECA1D59F2EB00569851 /* msgpack.h in Headers */,
				38610EE21D59F2F900569851 /* sysdep.h in Headers */,
				38610EE41D59F2F900569851 /* unpack_template.h in Headers */,
				38610EE51D59F2F900569851 /* unpack.h in Headers */,
				38610EBA1D59F2B500569851 /* MessagePackParser+Streaming.h in Headers */,
				38610EB81D59F2B500569851 /* MessagePackParser.h in Headers */,
				38610EB51D59F2B500569851 /* MessagePack.h in Headers */,
				38610EE91D59F2F900569851 /* zone.h in Headers */,
				38610EDD1D59F2F900569851 /* object.h in Headers */,
				38610EC01D59F2B500569851 /* NSDictionary+MessagePack.h in Headers */,
				38610EE81D59F2F900569851 /* zbuffer.h in Headers */,
				38610EE61D59F2F900569851 /* version.h in Headers */,
				38610EBE1D59F2B500569851 /* NSData+MessagePack.h in Headers */,
				38610EDF1D59F2F900569851 /* pack_template.h in Headers */,
				38610EE71D59F2F900569851 /* vrefbuffer.h in Headers */,
			);
			runOnlyForDeploymentPostprocessing = 0;
		};
/* End PBXHeadersBuildPhase section */

/* Begin PBXNativeTarget section */
		38E212771D31441A00AAE5F6 /* Test */ = {
			isa = PBXNativeTarget;
			buildConfigurationList = 38E2127D1D31441A00AAE5F6 /* Build configuration list for PBXNativeTarget "Test" */;
			buildPhases = (
				38E212741D31441A00AAE5F6 /* Sources */,
				38E212751D31441A00AAE5F6 /* Frameworks */,
				38E212761D31441A00AAE5F6 /* Resources */,
			);
			buildRules = (
			);
			dependencies = (
			);
			name = Test;
			productName = Test;
			productReference = 38E212781D31441A00AAE5F6 /* Test.xctest */;
			productType = "com.apple.product-type.bundle.ui-testing";
		};
		A01C02111620D8B4003DA76F /* Static Library */ = {
			isa = PBXNativeTarget;
			buildConfigurationList = A01C021C1620D8B4003DA76F /* Build configuration list for PBXNativeTarget "Static Library" */;
			buildPhases = (
				A01C020E1620D8B4003DA76F /* Sources */,
				A0F1A4C316301B49002E6BE5 /* Headers */,
			);
			buildRules = (
			);
			dependencies = (
			);
			name = "Static Library";
			productName = "Static Library";
			productReference = A01C02121620D8B4003DA76F /* libuniversal-ble-ios.a */;
			productType = "com.apple.product-type.library.static";
		};
/* End PBXNativeTarget section */

/* Begin PBXProject section */
		A06ACB1C1608B2C200E20441 /* Project object */ = {
			isa = PBXProject;
			attributes = {
				LastTestingUpgradeCheck = 0730;
				LastUpgradeCheck = 0730;
				ORGANIZATIONNAME = "Luis Laugga";
				TargetAttributes = {
					38E212771D31441A00AAE5F6 = {
						CreatedOnToolsVersion = 7.3;
					};
				};
			};
			buildConfigurationList = A06ACB1F1608B2C200E20441 /* Build configuration list for PBXProject "universal-ble-ios" */;
			compatibilityVersion = "Xcode 3.2";
			developmentRegion = English;
			hasScannedForEncodings = 0;
			knownRegions = (
				en,
			);
			mainGroup = A06ACB1A1608B2C200E20441;
			productRefGroup = A06ACB261608B2C300E20441 /* Products */;
			projectDirPath = "";
			projectRoot = "";
			targets = (
				A01C02111620D8B4003DA76F /* Static Library */,
				38E212771D31441A00AAE5F6 /* Test */,
			);
		};
/* End PBXProject section */

/* Begin PBXResourcesBuildPhase section */
		38E212761D31441A00AAE5F6 /* Resources */ = {
			isa = PBXResourcesBuildPhase;
			buildActionMask = 2147483647;
			files = (
			);
			runOnlyForDeploymentPostprocessing = 0;
		};
/* End PBXResourcesBuildPhase section */

/* Begin PBXSourcesBuildPhase section */
		38E212741D31441A00AAE5F6 /* Sources */ = {
			isa = PBXSourcesBuildPhase;
			buildActionMask = 2147483647;
			files = (
				38E212821D31448F00AAE5F6 /* LMTCaptureVideoPreviewLayerTest.m in Sources */,
			);
			runOnlyForDeploymentPostprocessing = 0;
		};
		A01C020E1620D8B4003DA76F /* Sources */ = {
			isa = PBXSourcesBuildPhase;
			buildActionMask = 2147483647;
			files = (
				38610ECD1D59F2EB00569851 /* version.c in Sources */,
				38610EB91D59F2B500569851 /* MessagePackParser.m in Sources */,
				38610EBD1D59F2B500569851 /* NSArray+MessagePack.m in Sources */,
				38610ECF1D59F2EB00569851 /* zone.c in Sources */,
				38610EB71D59F2B500569851 /* MessagePackPacker.m in Sources */,
				38610ECC1D59F2EB00569851 /* unpack.c in Sources */,
				38610EBB1D59F2B500569851 /* MessagePackParser+Streaming.m in Sources */,
				38610ECB1D59F2EB00569851 /* objectc.c in Sources */,
				38610EC11D59F2B500569851 /* NSDictionary+MessagePack.m in Sources */,
				38610EA51D59F00400569851 /* UniversalBle.m in Sources */,
				38610EBF1D59F2B500569851 /* NSData+MessagePack.m in Sources */,
				38610ECE1D59F2EB00569851 /* vrefbuffer.c in Sources */,
			);
			runOnlyForDeploymentPostprocessing = 0;
		};
/* End PBXSourcesBuildPhase section */

/* Begin XCBuildConfiguration section */
		38E2127E1D31441A00AAE5F6 /* Debug */ = {
			isa = XCBuildConfiguration;
			buildSettings = {
				CLANG_ANALYZER_NONNULL = YES;
				CLANG_CXX_LANGUAGE_STANDARD = "gnu++0x";
				CLANG_CXX_LIBRARY = "libc++";
				CLANG_ENABLE_MODULES = YES;
				CLANG_ENABLE_OBJC_ARC = YES;
				CLANG_WARN_DIRECT_OBJC_ISA_USAGE = YES_ERROR;
				CLANG_WARN_OBJC_ROOT_CLASS = YES_ERROR;
				DEBUG_INFORMATION_FORMAT = dwarf;
				GCC_WARN_ABOUT_RETURN_TYPE = YES_ERROR;
				GCC_WARN_UNINITIALIZED_AUTOS = YES_AGGRESSIVE;
				INFOPLIST_FILE = "test/LMTCaptureVideoPreviewLayerTest-Info.plist";
				IPHONEOS_DEPLOYMENT_TARGET = 9.3;
				LD_RUNPATH_SEARCH_PATHS = "$(inherited) @executable_path/Frameworks @loader_path/Frameworks";
				MTL_ENABLE_DEBUG_INFO = YES;
				PRODUCT_BUNDLE_IDENTIFIER = co.coletiv.lightmate.LMTCaptureVideoPreviewLayer.Test;
				PRODUCT_NAME = "$(TARGET_NAME)";
			};
			name = Debug;
		};
		38E2127F1D31441A00AAE5F6 /* Release */ = {
			isa = XCBuildConfiguration;
			buildSettings = {
				CLANG_ANALYZER_NONNULL = YES;
				CLANG_CXX_LANGUAGE_STANDARD = "gnu++0x";
				CLANG_CXX_LIBRARY = "libc++";
				CLANG_ENABLE_MODULES = YES;
				CLANG_ENABLE_OBJC_ARC = YES;
				CLANG_WARN_DIRECT_OBJC_ISA_USAGE = YES_ERROR;
				CLANG_WARN_OBJC_ROOT_CLASS = YES_ERROR;
				COPY_PHASE_STRIP = NO;
				DEBUG_INFORMATION_FORMAT = "dwarf-with-dsym";
				ENABLE_NS_ASSERTIONS = NO;
				GCC_WARN_ABOUT_RETURN_TYPE = YES_ERROR;
				GCC_WARN_UNINITIALIZED_AUTOS = YES_AGGRESSIVE;
				INFOPLIST_FILE = "test/LMTCaptureVideoPreviewLayerTest-Info.plist";
				IPHONEOS_DEPLOYMENT_TARGET = 9.3;
				LD_RUNPATH_SEARCH_PATHS = "$(inherited) @executable_path/Frameworks @loader_path/Frameworks";
				MTL_ENABLE_DEBUG_INFO = NO;
				PRODUCT_BUNDLE_IDENTIFIER = co.coletiv.lightmate.LMTCaptureVideoPreviewLayer.Test;
				PRODUCT_NAME = "$(TARGET_NAME)";
			};
			name = Release;
		};
		A01C021A1620D8B4003DA76F /* Debug */ = {
			isa = XCBuildConfiguration;
			buildSettings = {
				COPY_PHASE_STRIP = NO;
				DEAD_CODE_STRIPPING = NO;
				DSTROOT = /tmp/Static_Library.dst;
				GCC_PRECOMPILE_PREFIX_HEADER = YES;
				GCC_THUMB_SUPPORT = NO;
				INFOPLIST_EXPAND_BUILD_SETTINGS = YES;
				LINK_WITH_STANDARD_LIBRARIES = YES;
				MACH_O_TYPE = staticlib;
				ONLY_ACTIVE_ARCH = NO;
				OTHER_LDFLAGS = "-ObjC";
				PRIVATE_HEADERS_FOLDER_PATH = "$(PROJECT_NAME)_PrivateHeaders";
				PRODUCT_NAME = "universal-ble-ios";
				PUBLIC_HEADERS_FOLDER_PATH = "$(PROJECT_NAME)_Headers";
				SKIP_INSTALL = YES;
				STRIP_STYLE = "non-global";
			};
			name = Debug;
		};
		A01C021B1620D8B4003DA76F /* Release */ = {
			isa = XCBuildConfiguration;
			buildSettings = {
				COPY_PHASE_STRIP = NO;
				DEAD_CODE_STRIPPING = NO;
				DSTROOT = /tmp/Static_Library.dst;
				GCC_PRECOMPILE_PREFIX_HEADER = YES;
				GCC_THUMB_SUPPORT = NO;
				INFOPLIST_EXPAND_BUILD_SETTINGS = YES;
				LINK_WITH_STANDARD_LIBRARIES = YES;
				MACH_O_TYPE = staticlib;
				ONLY_ACTIVE_ARCH = NO;
				OTHER_LDFLAGS = "-ObjC";
				PRIVATE_HEADERS_FOLDER_PATH = "$(PROJECT_NAME)_PrivateHeaders";
				PRODUCT_NAME = "universal-ble-ios";
				PUBLIC_HEADERS_FOLDER_PATH = "$(PROJECT_NAME)_Headers";
				SKIP_INSTALL = YES;
				STRIP_STYLE = "non-global";
			};
			name = Release;
		};
		A06ACB441608B2C300E20441 /* Debug */ = {
			isa = XCBuildConfiguration;
			buildSettings = {
				ALWAYS_SEARCH_USER_PATHS = NO;
				CLANG_ENABLE_MODULES = YES;
				CLANG_ENABLE_OBJC_ARC = YES;
				CLANG_WARN_BOOL_CONVERSION = YES;
				CLANG_WARN_CONSTANT_CONVERSION = YES;
				CLANG_WARN_EMPTY_BODY = YES;
				CLANG_WARN_ENUM_CONVERSION = YES;
				CLANG_WARN_INT_CONVERSION = YES;
				CLANG_WARN_UNREACHABLE_CODE = YES;
				CLANG_WARN__DUPLICATE_METHOD_MATCH = YES;
				"CODE_SIGN_IDENTITY[sdk=iphoneos*]" = "iPhone Developer";
				COPY_PHASE_STRIP = NO;
				ENABLE_STRICT_OBJC_MSGSEND = YES;
				ENABLE_TESTABILITY = YES;
				GCC_C_LANGUAGE_STANDARD = gnu99;
				GCC_DYNAMIC_NO_PIC = NO;
				GCC_NO_COMMON_BLOCKS = YES;
				GCC_OPTIMIZATION_LEVEL = 0;
				GCC_PREFIX_HEADER = "support/Universal-BLE-iOS-Prefix.pch";
				GCC_PREPROCESSOR_DEFINITIONS = (
					"DEBUG=1",
					"$(inherited)",
				);
				GCC_SYMBOLS_PRIVATE_EXTERN = NO;
				GCC_VERSION = com.apple.compilers.llvm.clang.1_0;
				GCC_WARN_64_TO_32_BIT_CONVERSION = YES;
				GCC_WARN_ABOUT_RETURN_TYPE = YES;
				GCC_WARN_UNDECLARED_SELECTOR = YES;
				GCC_WARN_UNINITIALIZED_AUTOS = YES;
				GCC_WARN_UNUSED_FUNCTION = YES;
				GCC_WARN_UNUSED_VARIABLE = YES;
				INFOPLIST_EXPAND_BUILD_SETTINGS = YES;
				INFOPLIST_FILE = "support/Universal-BLE-iOS-Info.plist";
				INFOPLIST_OUTPUT_FORMAT = "same-as-input";
				IPHONEOS_DEPLOYMENT_TARGET = 7.0;
				ONLY_ACTIVE_ARCH = YES;
				PLIST_FILE_OUTPUT_FORMAT = "same-as-input";
				PRODUCT_BUNDLE_IDENTIFIER = co.coletiv.universal;
				SDKROOT = iphoneos;
				TARGETED_DEVICE_FAMILY = "1,2";
			};
			name = Debug;
		};
		A06ACB451608B2C300E20441 /* Release */ = {
			isa = XCBuildConfiguration;
			buildSettings = {
				ALWAYS_SEARCH_USER_PATHS = NO;
				CLANG_ENABLE_MODULES = YES;
				CLANG_ENABLE_OBJC_ARC = YES;
				CLANG_WARN_BOOL_CONVERSION = YES;
				CLANG_WARN_CONSTANT_CONVERSION = YES;
				CLANG_WARN_EMPTY_BODY = YES;
				CLANG_WARN_ENUM_CONVERSION = YES;
				CLANG_WARN_INT_CONVERSION = YES;
				CLANG_WARN_UNREACHABLE_CODE = YES;
				CLANG_WARN__DUPLICATE_METHOD_MATCH = YES;
				"CODE_SIGN_IDENTITY[sdk=iphoneos*]" = "iPhone Developer";
				COPY_PHASE_STRIP = YES;
				ENABLE_STRICT_OBJC_MSGSEND = YES;
				GCC_C_LANGUAGE_STANDARD = gnu99;
				GCC_NO_COMMON_BLOCKS = YES;
				GCC_PREFIX_HEADER = "support/Universal-BLE-iOS-Prefix.pch";
				GCC_VERSION = com.apple.compilers.llvm.clang.1_0;
				GCC_WARN_64_TO_32_BIT_CONVERSION = YES;
				GCC_WARN_ABOUT_RETURN_TYPE = YES;
				GCC_WARN_UNDECLARED_SELECTOR = YES;
				GCC_WARN_UNINITIALIZED_AUTOS = YES;
				GCC_WARN_UNUSED_FUNCTION = YES;
				GCC_WARN_UNUSED_VARIABLE = YES;
				INFOPLIST_EXPAND_BUILD_SETTINGS = YES;
				INFOPLIST_FILE = "support/Universal-BLE-iOS-Info.plist";
				INFOPLIST_OUTPUT_FORMAT = "same-as-input";
				IPHONEOS_DEPLOYMENT_TARGET = 7.0;
				ONLY_ACTIVE_ARCH = NO;
				OTHER_CFLAGS = "-DNS_BLOCK_ASSERTIONS=1";
				PLIST_FILE_OUTPUT_FORMAT = "same-as-input";
				PRODUCT_BUNDLE_IDENTIFIER = co.coletiv.universal;
				SDKROOT = iphoneos;
				TARGETED_DEVICE_FAMILY = "1,2";
				VALIDATE_PRODUCT = YES;
			};
			name = Release;
		};
/* End XCBuildConfiguration section */

/* Begin XCConfigurationList section */
		38E2127D1D31441A00AAE5F6 /* Build configuration list for PBXNativeTarget "Test" */ = {
			isa = XCConfigurationList;
			buildConfigurations = (
				38E2127E1D31441A00AAE5F6 /* Debug */,
				38E2127F1D31441A00AAE5F6 /* Release */,
			);
			defaultConfigurationIsVisible = 0;
			defaultConfigurationName = Release;
		};
		A01C021C1620D8B4003DA76F /* Build configuration list for PBXNativeTarget "Static Library" */ = {
			isa = XCConfigurationList;
			buildConfigurations = (
				A01C021A1620D8B4003DA76F /* Debug */,
				A01C021B1620D8B4003DA76F /* Release */,
			);
			defaultConfigurationIsVisible = 0;
			defaultConfigurationName = Release;
		};
		A06ACB1F1608B2C200E20441 /* Build configuration list for PBXProject "universal-ble-ios" */ = {
			isa = XCConfigurationList;
			buildConfigurations = (
				A06ACB441608B2C300E20441 /* Debug */,
				A06ACB451608B2C300E20441 /* Release */,
			);
			defaultConfigurationIsVisible = 0;
			defaultConfigurationName = Release;
		};
/* End XCConfigurationList section */
	};
	rootObject = A06ACB1C1608B2C200E20441 /* Project object */;
}
